
Microsoft Visual Studio Solution File, Format Version 12.00
# Visual Studio 14
VisualStudioVersion = 14.0.25420.1
MinimumVisualStudioVersion = 10.0.40219.1
Project("{8BC9CEB8-8B4A-11D0-8D11-00A0C91BC942}") = "UAV Vision Servo", "UAV Vision Servo\UAV Vision Servo.vcxproj", "{2672C67C-7E84-41D0-B937-B0F3D7508C7A}"
	ProjectSection(ProjectDependencies) = postProject
		{995D2105-DFA7-4F50-80AA-D36B3841CBA5} = {995D2105-DFA7-4F50-80AA-D36B3841CBA5}
		{F31E280E-4A4C-4311-A973-E732F69BDA73} = {F31E280E-4A4C-4311-A973-E732F69BDA73}
		{D17AA32B-1213-462B-8516-6A3777A3BB05} = {D17AA32B-1213-462B-8516-6A3777A3BB05}
		{19B9E655-CB87-42A3-9A4D-2DB988B89958} = {19B9E655-CB87-42A3-9A4D-2DB988B89958}
		{9211B57F-42E0-4AA4-931C-850EE1DF8DDE} = {9211B57F-42E0-4AA4-931C-850EE1DF8DDE}
		{CDA42DAF-85F6-452B-95CE-505B266C6E0E} = {CDA42DAF-85F6-452B-95CE-505B266C6E0E}
		{95FA3EE4-7E73-4C1F-9AE8-5A02076AFDBA} = {95FA3EE4-7E73-4C1F-9AE8-5A02076AFDBA}
	EndProjectSection
EndProject
Project("{8BC9CEB8-8B4A-11D0-8D11-00A0C91BC942}") = "DataTransmission", "DataTransmission\DataTransmission.vcxproj", "{19B9E655-CB87-42A3-9A4D-2DB988B89958}"
EndProject
Project("{2150E333-8FDC-42A3-9474-1A3956D46DE8}") = "Data Transmission", "Data Transmission", "{AB201C74-198B-49B8-8FDD-0CFE28AC5241}"
EndProject
Project("{8BC9CEB8-8B4A-11D0-8D11-00A0C91BC942}") = "YAED", "YAED\YAED.vcxproj", "{F31E280E-4A4C-4311-A973-E732F69BDA73}"
EndProject
Project("{2150E333-8FDC-42A3-9474-1A3956D46DE8}") = "Vision Algorithms", "Vision Algorithms", "{83EB2A91-01AF-41E6-BEF5-73187EE1F350}"
EndProject
Project("{8BC9CEB8-8B4A-11D0-8D11-00A0C91BC942}") = "SEDLines", "SEDLines\SEDLines.vcxproj", "{9211B57F-42E0-4AA4-931C-850EE1DF8DDE}"
EndProject
Project("{8BC9CEB8-8B4A-11D0-8D11-00A0C91BC942}") = "C1_FTD", "C1_FTD\C1_FTD.vcxproj", "{995D2105-DFA7-4F50-80AA-D36B3841CBA5}"
EndProject
Project("{8BC9CEB8-8B4A-11D0-8D11-00A0C91BC942}") = "C2_FTD", "C2_FTD\C2_FTD.vcxproj", "{CDA42DAF-85F6-452B-95CE-505B266C6E0E}"
EndProject
Project("{8BC9CEB8-8B4A-11D0-8D11-00A0C91BC942}") = "LogFiles-IO", "LogFiles-IO\LogFiles-IO.vcxproj", "{BE5DFBCF-E906-4425-BA39-2DC90CEE8E76}"
EndProject
Project("{2150E333-8FDC-42A3-9474-1A3956D46DE8}") = "System Log Files", "System Log Files", "{E0CFFF70-9E2F-45B2-9FFC-91D0E4212063}"
EndProject
Project("{8BC9CEB8-8B4A-11D0-8D11-00A0C91BC942}") = "Simulation", "Simulation\Simulation.vcxproj", "{95FA3EE4-7E73-4C1F-9AE8-5A02076AFDBA}"
EndProject
Project("{2150E333-8FDC-42A3-9474-1A3956D46DE8}") = "System Simulation", "System Simulation", "{9A832D3C-8209-4BBA-A9BF-F2CDD7B87147}"
EndProject
Project("{8BC9CEB8-8B4A-11D0-8D11-00A0C91BC942}") = "FunctionsTest", "FunctionsTest\FunctionsTest.vcxproj", "{3854CAB0-B2AC-468A-A1FB-262FC449234C}"
	ProjectSection(ProjectDependencies) = postProject
		{995D2105-DFA7-4F50-80AA-D36B3841CBA5} = {995D2105-DFA7-4F50-80AA-D36B3841CBA5}
		{F31E280E-4A4C-4311-A973-E732F69BDA73} = {F31E280E-4A4C-4311-A973-E732F69BDA73}
		{D17AA32B-1213-462B-8516-6A3777A3BB05} = {D17AA32B-1213-462B-8516-6A3777A3BB05}
		{9211B57F-42E0-4AA4-931C-850EE1DF8DDE} = {9211B57F-42E0-4AA4-931C-850EE1DF8DDE}
		{CDA42DAF-85F6-452B-95CE-505B266C6E0E} = {CDA42DAF-85F6-452B-95CE-505B266C6E0E}
	EndProjectSection
EndProject
Project("{8BC9CEB8-8B4A-11D0-8D11-00A0C91BC942}") = "RVIBE", "RVIBE\RVIBE.vcxproj", "{D17AA32B-1213-462B-8516-6A3777A3BB05}"
EndProject
Global
	GlobalSection(SolutionConfigurationPlatforms) = preSolution
		Debug|x64 = Debug|x64
		Debug|x86 = Debug|x86
		Release|x64 = Release|x64
		Release|x86 = Release|x86
	EndGlobalSection
	GlobalSection(ProjectConfigurationPlatforms) = postSolution
		{2672C67C-7E84-41D0-B937-B0F3D7508C7A}.Debug|x64.ActiveCfg = Debug|x64
		{2672C67C-7E84-41D0-B937-B0F3D7508C7A}.Debug|x64.Build.0 = Debug|x64
		{2672C67C-7E84-41D0-B937-B0F3D7508C7A}.Debug|x86.ActiveCfg = Debug|Win32
		{2672C67C-7E84-41D0-B937-B0F3D7508C7A}.Debug|x86.Build.0 = Debug|Win32
		{2672C67C-7E84-41D0-B937-B0F3D7508C7A}.Release|x64.ActiveCfg = Release|x64
		{2672C67C-7E84-41D0-B937-B0F3D7508C7A}.Release|x64.Build.0 = Release|x64
		{2672C67C-7E84-41D0-B937-B0F3D7508C7A}.Release|x86.ActiveCfg = Release|Win32
		{2672C67C-7E84-41D0-B937-B0F3D7508C7A}.Release|x86.Build.0 = Release|Win32
		{19B9E655-CB87-42A3-9A4D-2DB988B89958}.Debug|x64.ActiveCfg = Debug|x64
		{19B9E655-CB87-42A3-9A4D-2DB988B89958}.Debug|x64.Build.0 = Debug|x64
		{19B9E655-CB87-42A3-9A4D-2DB988B89958}.Debug|x86.ActiveCfg = Debug|Win32
		{19B9E655-CB87-42A3-9A4D-2DB988B89958}.Debug|x86.Build.0 = Debug|Win32
		{19B9E655-CB87-42A3-9A4D-2DB988B89958}.Release|x64.ActiveCfg = Release|x64
		{19B9E655-CB87-42A3-9A4D-2DB988B89958}.Release|x64.Build.0 = Release|x64
		{19B9E655-CB87-42A3-9A4D-2DB988B89958}.Release|x86.ActiveCfg = Release|Win32
		{19B9E655-CB87-42A3-9A4D-2DB988B89958}.Release|x86.Build.0 = Release|Win32
		{F31E280E-4A4C-4311-A973-E732F69BDA73}.Debug|x64.ActiveCfg = Debug|x64
		{F31E280E-4A4C-4311-A973-E732F69BDA73}.Debug|x64.Build.0 = Debug|x64
		{F31E280E-4A4C-4311-A973-E732F69BDA73}.Debug|x86.ActiveCfg = Debug|Win32
		{F31E280E-4A4C-4311-A973-E732F69BDA73}.Debug|x86.Build.0 = Debug|Win32
		{F31E280E-4A4C-4311-A973-E732F69BDA73}.Release|x64.ActiveCfg = Release|x64
		{F31E280E-4A4C-4311-A973-E732F69BDA73}.Release|x64.Build.0 = Release|x64
		{F31E280E-4A4C-4311-A973-E732F69BDA73}.Release|x86.ActiveCfg = Release|Win32
		{F31E280E-4A4C-4311-A973-E732F69BDA73}.Release|x86.Build.0 = Release|Win32
		{9211B57F-42E0-4AA4-931C-850EE1DF8DDE}.Debug|x64.ActiveCfg = Debug|x64
		{9211B57F-42E0-4AA4-931C-850EE1DF8DDE}.Debug|x64.Build.0 = Debug|x64
		{9211B57F-42E0-4AA4-931C-850EE1DF8DDE}.Debug|x86.ActiveCfg = Debug|Win32
		{9211B57F-42E0-4AA4-931C-850EE1DF8DDE}.Debug|x86.Build.0 = Debug|Win32
		{9211B57F-42E0-4AA4-931C-850EE1DF8DDE}.Release|x64.ActiveCfg = Release|x64
		{9211B57F-42E0-4AA4-931C-850EE1DF8DDE}.Release|x64.Build.0 = Release|x64
		{9211B57F-42E0-4AA4-931C-850EE1DF8DDE}.Release|x86.ActiveCfg = Release|Win32
		{9211B57F-42E0-4AA4-931C-850EE1DF8DDE}.Release|x86.Build.0 = Release|Win32
		{995D2105-DFA7-4F50-80AA-D36B3841CBA5}.Debug|x64.ActiveCfg = Debug|x64
		{995D2105-DFA7-4F50-80AA-D36B3841CBA5}.Debug|x64.Build.0 = Debug|x64
		{995D2105-DFA7-4F50-80AA-D36B3841CBA5}.Debug|x86.ActiveCfg = Debug|Win32
		{995D2105-DFA7-4F50-80AA-D36B3841CBA5}.Debug|x86.Build.0 = Debug|Win32
		{995D2105-DFA7-4F50-80AA-D36B3841CBA5}.Release|x64.ActiveCfg = Release|x64
		{995D2105-DFA7-4F50-80AA-D36B3841CBA5}.Release|x64.Build.0 = Release|x64
		{995D2105-DFA7-4F50-80AA-D36B3841CBA5}.Release|x86.ActiveCfg = Release|Win32
		{995D2105-DFA7-4F50-80AA-D36B3841CBA5}.Release|x86.Build.0 = Release|Win32
		{CDA42DAF-85F6-452B-95CE-505B266C6E0E}.Debug|x64.ActiveCfg = Debug|x64
		{CDA42DAF-85F6-452B-95CE-505B266C6E0E}.Debug|x64.Build.0 = Debug|x64
		{CDA42DAF-85F6-452B-95CE-505B266C6E0E}.Debug|x86.ActiveCfg = Debug|Win32
		{CDA42DAF-85F6-452B-95CE-505B266C6E0E}.Debug|x86.Build.0 = Debug|Win32
		{CDA42DAF-85F6-452B-95CE-505B266C6E0E}.Release|x64.ActiveCfg = Release|x64
		{CDA42DAF-85F6-452B-95CE-505B266C6E0E}.Release|x64.Build.0 = Release|x64
		{CDA42DAF-85F6-452B-95CE-505B266C6E0E}.Release|x86.ActiveCfg = Release|Win32
		{CDA42DAF-85F6-452B-95CE-505B266C6E0E}.Release|x86.Build.0 = Release|Win32
		{BE5DFBCF-E906-4425-BA39-2DC90CEE8E76}.Debug|x64.ActiveCfg = Debug|x64
		{BE5DFBCF-E906-4425-BA39-2DC90CEE8E76}.Debug|x64.Build.0 = Debug|x64
		{BE5DFBCF-E906-4425-BA39-2DC90CEE8E76}.Debug|x86.ActiveCfg = Debug|Win32
		{BE5DFBCF-E906-4425-BA39-2DC90CEE8E76}.Debug|x86.Build.0 = Debug|Win32
		{BE5DFBCF-E906-4425-BA39-2DC90CEE8E76}.Release|x64.ActiveCfg = Release|x64
		{BE5DFBCF-E906-4425-BA39-2DC90CEE8E76}.Release|x64.Build.0 = Release|x64
		{BE5DFBCF-E906-4425-BA39-2DC90CEE8E76}.Release|x86.ActiveCfg = Release|Win32
		{BE5DFBCF-E906-4425-BA39-2DC90CEE8E76}.Release|x86.Build.0 = Release|Win32
		{95FA3EE4-7E73-4C1F-9AE8-5A02076AFDBA}.Debug|x64.ActiveCfg = Debug|x64
		{95FA3EE4-7E73-4C1F-9AE8-5A02076AFDBA}.Debug|x64.Build.0 = Debug|x64
		{95FA3EE4-7E73-4C1F-9AE8-5A02076AFDBA}.Debug|x86.ActiveCfg = Debug|Win32
		{95FA3EE4-7E73-4C1F-9AE8-5A02076AFDBA}.Debug|x86.Build.0 = Debug|Win32
		{95FA3EE4-7E73-4C1F-9AE8-5A02076AFDBA}.Release|x64.ActiveCfg = Release|x64
		{95FA3EE4-7E73-4C1F-9AE8-5A02076AFDBA}.Release|x64.Build.0 = Release|x64
		{95FA3EE4-7E73-4C1F-9AE8-5A02076AFDBA}.Release|x86.ActiveCfg = Release|Win32
		{95FA3EE4-7E73-4C1F-9AE8-5A02076AFDBA}.Release|x86.Build.0 = Release|Win32
		{3854CAB0-B2AC-468A-A1FB-262FC449234C}.Debug|x64.ActiveCfg = Debug|x64
		{3854CAB0-B2AC-468A-A1FB-262FC449234C}.Debug|x64.Build.0 = Debug|x64
		{3854CAB0-B2AC-468A-A1FB-262FC449234C}.Debug|x86.ActiveCfg = Debug|Win32
		{3854CAB0-B2AC-468A-A1FB-262FC449234C}.Debug|x86.Build.0 = Debug|Win32
		{3854CAB0-B2AC-468A-A1FB-262FC449234C}.Release|x64.ActiveCfg = Release|x64
		{3854CAB0-B2AC-468A-A1FB-262FC449234C}.Release|x64.Build.0 = Release|x64
		{3854CAB0-B2AC-468A-A1FB-262FC449234C}.Release|x86.ActiveCfg = Release|Win32
		{3854CAB0-B2AC-468A-A1FB-262FC449234C}.Release|x86.Build.0 = Release|Win32
		{D17AA32B-1213-462B-8516-6A3777A3BB05}.Debug|x64.ActiveCfg = Debug|x64
		{D17AA32B-1213-462B-8516-6A3777A3BB05}.Debug|x64.Build.0 = Debug|x64
		{D17AA32B-1213-462B-8516-6A3777A3BB05}.Debug|x86.ActiveCfg = Debug|Win32
		{D17AA32B-1213-462B-8516-6A3777A3BB05}.Debug|x86.Build.0 = Debug|Win32
		{D17AA32B-1213-462B-8516-6A3777A3BB05}.Release|x64.ActiveCfg = Release|x64
		{D17AA32B-1213-462B-8516-6A3777A3BB05}.Release|x64.Build.0 = Release|x64
		{D17AA32B-1213-462B-8516-6A3777A3BB05}.Release|x86.ActiveCfg = Release|Win32
		{D17AA32B-1213-462B-8516-6A3777A3BB05}.Release|x86.Build.0 = Release|Win32
	EndGlobalSection
	GlobalSection(SolutionProperties) = preSolution
		HideSolutionNode = FALSE
	EndGlobalSection
	GlobalSection(NestedProjects) = preSolution
		{19B9E655-CB87-42A3-9A4D-2DB988B89958} = {AB201C74-198B-49B8-8FDD-0CFE28AC5241}
		{F31E280E-4A4C-4311-A973-E732F69BDA73} = {83EB2A91-01AF-41E6-BEF5-73187EE1F350}
		{9211B57F-42E0-4AA4-931C-850EE1DF8DDE} = {83EB2A91-01AF-41E6-BEF5-73187EE1F350}
		{995D2105-DFA7-4F50-80AA-D36B3841CBA5} = {83EB2A91-01AF-41E6-BEF5-73187EE1F350}
		{CDA42DAF-85F6-452B-95CE-505B266C6E0E} = {83EB2A91-01AF-41E6-BEF5-73187EE1F350}
		{BE5DFBCF-E906-4425-BA39-2DC90CEE8E76} = {E0CFFF70-9E2F-45B2-9FFC-91D0E4212063}
		{95FA3EE4-7E73-4C1F-9AE8-5A02076AFDBA} = {9A832D3C-8209-4BBA-A9BF-F2CDD7B87147}
		{D17AA32B-1213-462B-8516-6A3777A3BB05} = {83EB2A91-01AF-41E6-BEF5-73187EE1F350}
	EndGlobalSection
EndGlobal
